
Microsoft Visual Studio Solution File, Format Version 12.00
# Visual Studio Version 17
VisualStudioVersion = 17.7.34202.233
MinimumVisualStudioVersion = 10.0.40219.1
Project("{FAE04EC0-301F-11D3-BF4B-00C04F79EFBC}") = "Student", "Student.csproj", "{0B73DB54-EFB8-42D7-8042-4FD413446331}"
EndProject
Global
	GlobalSection(SolutionConfigurationPlatforms) = preSolution
		Debug|Any CPU = Debug|Any CPU
		Release|Any CPU = Release|Any CPU
	EndGlobalSection
	GlobalSection(ProjectConfigurationPlatforms) = postSolution
		{0B73DB54-EFB8-42D7-8042-4FD413446331}.Debug|Any CPU.ActiveCfg = Debug|Any CPU
		{0B73DB54-EFB8-42D7-8042-4FD413446331}.Debug|Any CPU.Build.0 = Debug|Any CPU
		{0B73DB54-EFB8-42D7-8042-4FD413446331}.Release|Any CPU.ActiveCfg = Release|Any CPU
		{0B73DB54-EFB8-42D7-8042-4FD413446331}.Release|Any CPU.Build.0 = Release|Any CPU
	EndGlobalSection
	GlobalSection(SolutionProperties) = preSolution
		HideSolutionNode = FALSE
	EndGlobalSection
	GlobalSection(ExtensibilityGlobals) = postSolution
		SolutionGuid = {FD96B52A-653C-43B4-9EB8-9E4B34A0B060}
	EndGlobalSection
EndGlobal
